// !$*UTF8*$!
{
	archiveVersion = 1;
	classes = {
	};
	objectVersion = 46;
	objects = {

/* Begin PBXBuildFile section */
		0376DC0620201F21004C94D9 /* Extensions.swift in Sources */ = {isa = PBXBuildFile; fileRef = 0376DC0520201F21004C94D9 /* Extensions.swift */; };
		0376DC08202023D3004C94D9 /* Fleet.plist in Resources */ = {isa = PBXBuildFile; fileRef = 0376DC07202023D3004C94D9 /* Fleet.plist */; };
		0A0383571BA10B39007902A8 /* TransitionSegue.swift in Sources */ = {isa = PBXBuildFile; fileRef = 0A0383561BA10B39007902A8 /* TransitionSegue.swift */; };
		0A0383591BA11033007902A8 /* FinalViewController.swift in Sources */ = {isa = PBXBuildFile; fileRef = 0A0383581BA11033007902A8 /* FinalViewController.swift */; };
		0AD6F3241BA0E277001B969F /* AppDelegate.swift in Sources */ = {isa = PBXBuildFile; fileRef = 0AD6F3231BA0E277001B969F /* AppDelegate.swift */; };
		0AD6F3261BA0E277001B969F /* FirstViewController.swift in Sources */ = {isa = PBXBuildFile; fileRef = 0AD6F3251BA0E277001B969F /* FirstViewController.swift */; };
		0AD6F3281BA0E277001B969F /* Images.xcassets in Resources */ = {isa = PBXBuildFile; fileRef = 0AD6F3271BA0E277001B969F /* Images.xcassets */; };
		0AD6F32B1BA0E277001B969F /* Main.storyboard in Resources */ = {isa = PBXBuildFile; fileRef = 0AD6F3291BA0E277001B969F /* Main.storyboard */; };
		0AD6F3371BA0E277001B969F /* i3Tests.swift in Sources */ = {isa = PBXBuildFile; fileRef = 0AD6F3361BA0E277001B969F /* i3Tests.swift */; };
		0AD6F3431BA0F014001B969F /* SecondViewController.swift in Sources */ = {isa = PBXBuildFile; fileRef = 0AD6F3421BA0F014001B969F /* SecondViewController.swift */; };
/* End PBXBuildFile section */

/* Begin PBXContainerItemProxy section */
		0AD6F3311BA0E277001B969F /* PBXContainerItemProxy */ = {
			isa = PBXContainerItemProxy;
			containerPortal = 0AD6F3161BA0E277001B969F /* Project object */;
			proxyType = 1;
			remoteGlobalIDString = 0AD6F31D1BA0E277001B969F;
			remoteInfo = i3;
		};
/* End PBXContainerItemProxy section */

/* Begin PBXFileReference section */
		0376DC0520201F21004C94D9 /* Extensions.swift */ = {isa = PBXFileReference; lastKnownFileType = sourcecode.swift; path = Extensions.swift; sourceTree = "<group>"; };
		0376DC07202023D3004C94D9 /* Fleet.plist */ = {isa = PBXFileReference; fileEncoding = 4; lastKnownFileType = text.plist.xml; path = Fleet.plist; sourceTree = "<group>"; };
		0A0383561BA10B39007902A8 /* TransitionSegue.swift */ = {isa = PBXFileReference; fileEncoding = 4; lastKnownFileType = sourcecode.swift; path = TransitionSegue.swift; sourceTree = "<group>"; };
		0A0383581BA11033007902A8 /* FinalViewController.swift */ = {isa = PBXFileReference; fileEncoding = 4; lastKnownFileType = sourcecode.swift; path = FinalViewController.swift; sourceTree = "<group>"; };
		0AD6F31E1BA0E277001B969F /* i3.app */ = {isa = PBXFileReference; explicitFileType = wrapper.application; includeInIndex = 0; path = i3.app; sourceTree = BUILT_PRODUCTS_DIR; };
		0AD6F3221BA0E277001B969F /* Info.plist */ = {isa = PBXFileReference; lastKnownFileType = text.plist.xml; path = Info.plist; sourceTree = "<group>"; };
		0AD6F3231BA0E277001B969F /* AppDelegate.swift */ = {isa = PBXFileReference; lastKnownFileType = sourcecode.swift; path = AppDelegate.swift; sourceTree = "<group>"; };
		0AD6F3251BA0E277001B969F /* FirstViewController.swift */ = {isa = PBXFileReference; lastKnownFileType = sourcecode.swift; path = FirstViewController.swift; sourceTree = "<group>"; };
		0AD6F3271BA0E277001B969F /* Images.xcassets */ = {isa = PBXFileReference; lastKnownFileType = folder.assetcatalog; path = Images.xcassets; sourceTree = "<group>"; };
		0AD6F32A1BA0E277001B969F /* Base */ = {isa = PBXFileReference; lastKnownFileType = file.storyboard; name = Base; path = Base.lproj/Main.storyboard; sourceTree = "<group>"; };
		0AD6F3301BA0E277001B969F /* i3Tests.xctest */ = {isa = PBXFileReference; explicitFileType = wrapper.cfbundle; includeInIndex = 0; path = i3Tests.xctest; sourceTree = BUILT_PRODUCTS_DIR; };
		0AD6F3351BA0E277001B969F /* Info.plist */ = {isa = PBXFileReference; lastKnownFileType = text.plist.xml; path = Info.plist; sourceTree = "<group>"; };
		0AD6F3361BA0E277001B969F /* i3Tests.swift */ = {isa = PBXFileReference; lastKnownFileType = sourcecode.swift; path = i3Tests.swift; sourceTree = "<group>"; };
		0AD6F3421BA0F014001B969F /* SecondViewController.swift */ = {isa = PBXFileReference; fileEncoding = 4; lastKnownFileType = sourcecode.swift; path = SecondViewController.swift; sourceTree = "<group>"; };
/* End PBXFileReference section */

/* Begin PBXFrameworksBuildPhase section */
		0AD6F31B1BA0E277001B969F /* Frameworks */ = {
			isa = PBXFrameworksBuildPhase;
			buildActionMask = 2147483647;
			files = (
			);
			runOnlyForDeploymentPostprocessing = 0;
		};
		0AD6F32D1BA0E277001B969F /* Frameworks */ = {
			isa = PBXFrameworksBuildPhase;
			buildActionMask = 2147483647;
			files = (
			);
			runOnlyForDeploymentPostprocessing = 0;
		};
/* End PBXFrameworksBuildPhase section */

/* Begin PBXGroup section */
		0AD6F3151BA0E277001B969F = {
			isa = PBXGroup;
			children = (
				0AD6F3201BA0E277001B969F /* i3 */,
				0AD6F3331BA0E277001B969F /* i3Tests */,
				0AD6F31F1BA0E277001B969F /* Products */,
			);
			sourceTree = "<group>";
		};
		0AD6F31F1BA0E277001B969F /* Products */ = {
			isa = PBXGroup;
			children = (
				0AD6F31E1BA0E277001B969F /* i3.app */,
				0AD6F3301BA0E277001B969F /* i3Tests.xctest */,
			);
			name = Products;
			sourceTree = "<group>";
		};
		0AD6F3201BA0E277001B969F /* i3 */ = {
			isa = PBXGroup;
			children = (
				0AD6F3291BA0E277001B969F /* Main.storyboard */,
				0AD6F3231BA0E277001B969F /* AppDelegate.swift */,
				0AD6F3251BA0E277001B969F /* FirstViewController.swift */,
				0AD6F3421BA0F014001B969F /* SecondViewController.swift */,
				0A0383581BA11033007902A8 /* FinalViewController.swift */,
				0376DC0520201F21004C94D9 /* Extensions.swift */,
				0A0383561BA10B39007902A8 /* TransitionSegue.swift */,
				0AD6F3211BA0E277001B969F /* Supporting Files */,
			);
			path = i3;
			sourceTree = "<group>";
		};
		0AD6F3211BA0E277001B969F /* Supporting Files */ = {
			isa = PBXGroup;
			children = (
				0AD6F3271BA0E277001B969F /* Images.xcassets */,
				0376DC07202023D3004C94D9 /* Fleet.plist */,
				0AD6F3221BA0E277001B969F /* Info.plist */,
			);
			name = "Supporting Files";
			sourceTree = "<group>";
		};
		0AD6F3331BA0E277001B969F /* i3Tests */ = {
			isa = PBXGroup;
			children = (
				0AD6F3361BA0E277001B969F /* i3Tests.swift */,
				0AD6F3341BA0E277001B969F /* Supporting Files */,
			);
			path = i3Tests;
			sourceTree = "<group>";
		};
		0AD6F3341BA0E277001B969F /* Supporting Files */ = {
			isa = PBXGroup;
			children = (
				0AD6F3351BA0E277001B969F /* Info.plist */,
			);
			name = "Supporting Files";
			sourceTree = "<group>";
		};
/* End PBXGroup section */

/* Begin PBXNativeTarget section */
		0AD6F31D1BA0E277001B969F /* i3 */ = {
			isa = PBXNativeTarget;
			buildConfigurationList = 0AD6F33A1BA0E277001B969F /* Build configuration list for PBXNativeTarget "i3" */;
			buildPhases = (
				0AD6F31A1BA0E277001B969F /* Sources */,
				0AD6F31B1BA0E277001B969F /* Frameworks */,
				0AD6F31C1BA0E277001B969F /* Resources */,
			);
			buildRules = (
			);
			dependencies = (
			);
			name = i3;
			productName = i3;
			productReference = 0AD6F31E1BA0E277001B969F /* i3.app */;
			productType = "com.apple.product-type.application";
		};
		0AD6F32F1BA0E277001B969F /* i3Tests */ = {
			isa = PBXNativeTarget;
			buildConfigurationList = 0AD6F33D1BA0E277001B969F /* Build configuration list for PBXNativeTarget "i3Tests" */;
			buildPhases = (
				0AD6F32C1BA0E277001B969F /* Sources */,
				0AD6F32D1BA0E277001B969F /* Frameworks */,
				0AD6F32E1BA0E277001B969F /* Resources */,
			);
			buildRules = (
			);
			dependencies = (
				0AD6F3321BA0E277001B969F /* PBXTargetDependency */,
			);
			name = i3Tests;
			productName = i3Tests;
			productReference = 0AD6F3301BA0E277001B969F /* i3Tests.xctest */;
			productType = "com.apple.product-type.bundle.unit-test";
		};
/* End PBXNativeTarget section */

/* Begin PBXProject section */
		0AD6F3161BA0E277001B969F /* Project object */ = {
			isa = PBXProject;
			attributes = {
				LastSwiftUpdateCheck = 0720;
				LastUpgradeCheck = 0920;
				ORGANIZATIONNAME = "Ian Atha";
				TargetAttributes = {
					0AD6F31D1BA0E277001B969F = {
						CreatedOnToolsVersion = 6.4;
						DevelopmentTeam = VL96XWPC94;
						ProvisioningStyle = Automatic;
					};
					0AD6F32F1BA0E277001B969F = {
						CreatedOnToolsVersion = 6.4;
						TestTargetID = 0AD6F31D1BA0E277001B969F;
					};
				};
			};
			buildConfigurationList = 0AD6F3191BA0E277001B969F /* Build configuration list for PBXProject "i3" */;
			compatibilityVersion = "Xcode 3.2";
			developmentRegion = English;
			hasScannedForEncodings = 0;
			knownRegions = (
				en,
				Base,
			);
			mainGroup = 0AD6F3151BA0E277001B969F;
			productRefGroup = 0AD6F31F1BA0E277001B969F /* Products */;
			projectDirPath = "";
			projectRoot = "";
			targets = (
				0AD6F31D1BA0E277001B969F /* i3 */,
				0AD6F32F1BA0E277001B969F /* i3Tests */,
			);
		};
/* End PBXProject section */

/* Begin PBXResourcesBuildPhase section */
		0AD6F31C1BA0E277001B969F /* Resources */ = {
			isa = PBXResourcesBuildPhase;
			buildActionMask = 2147483647;
			files = (
				0AD6F3281BA0E277001B969F /* Images.xcassets in Resources */,
				0376DC08202023D3004C94D9 /* Fleet.plist in Resources */,
				0AD6F32B1BA0E277001B969F /* Main.storyboard in Resources */,
			);
			runOnlyForDeploymentPostprocessing = 0;
		};
		0AD6F32E1BA0E277001B969F /* Resources */ = {
			isa = PBXResourcesBuildPhase;
			buildActionMask = 2147483647;
			files = (
			);
			runOnlyForDeploymentPostprocessing = 0;
		};
/* End PBXResourcesBuildPhase section */

/* Begin PBXSourcesBuildPhase section */
		0AD6F31A1BA0E277001B969F /* Sources */ = {
			isa = PBXSourcesBuildPhase;
			buildActionMask = 2147483647;
			files = (
				0AD6F3431BA0F014001B969F /* SecondViewController.swift in Sources */,
				0376DC0620201F21004C94D9 /* Extensions.swift in Sources */,
				0A0383591BA11033007902A8 /* FinalViewController.swift in Sources */,
				0AD6F3261BA0E277001B969F /* FirstViewController.swift in Sources */,
				0A0383571BA10B39007902A8 /* TransitionSegue.swift in Sources */,
				0AD6F3241BA0E277001B969F /* AppDelegate.swift in Sources */,
			);
			runOnlyForDeploymentPostprocessing = 0;
		};
		0AD6F32C1BA0E277001B969F /* Sources */ = {
			isa = PBXSourcesBuildPhase;
			buildActionMask = 2147483647;
			files = (
				0AD6F3371BA0E277001B969F /* i3Tests.swift in Sources */,
			);
			runOnlyForDeploymentPostprocessing = 0;
		};
/* End PBXSourcesBuildPhase section */

/* Begin PBXTargetDependency section */
		0AD6F3321BA0E277001B969F /* PBXTargetDependency */ = {
			isa = PBXTargetDependency;
			target = 0AD6F31D1BA0E277001B969F /* i3 */;
			targetProxy = 0AD6F3311BA0E277001B969F /* PBXContainerItemProxy */;
		};
/* End PBXTargetDependency section */

/* Begin PBXVariantGroup section */
		0AD6F3291BA0E277001B969F /* Main.storyboard */ = {
			isa = PBXVariantGroup;
			children = (
				0AD6F32A1BA0E277001B969F /* Base */,
			);
			name = Main.storyboard;
			sourceTree = "<group>";
		};
/* End PBXVariantGroup section */

/* Begin XCBuildConfiguration section */
		0AD6F3381BA0E277001B969F /* Debug */ = {
			isa = XCBuildConfiguration;
			buildSettings = {
				ALWAYS_SEARCH_USER_PATHS = NO;
				CLANG_CXX_LANGUAGE_STANDARD = "gnu++0x";
				CLANG_CXX_LIBRARY = "libc++";
				CLANG_ENABLE_MODULES = YES;
				CLANG_ENABLE_OBJC_ARC = YES;
				CLANG_WARN_BLOCK_CAPTURE_AUTORELEASING = YES;
				CLANG_WARN_BOOL_CONVERSION = YES;
				CLANG_WARN_COMMA = YES;
				CLANG_WARN_CONSTANT_CONVERSION = YES;
				CLANG_WARN_DIRECT_OBJC_ISA_USAGE = YES_ERROR;
				CLANG_WARN_EMPTY_BODY = YES;
				CLANG_WARN_ENUM_CONVERSION = YES;
				CLANG_WARN_INFINITE_RECURSION = YES;
				CLANG_WARN_INT_CONVERSION = YES;
				CLANG_WARN_NON_LITERAL_NULL_CONVERSION = YES;
				CLANG_WARN_OBJC_LITERAL_CONVERSION = YES;
				CLANG_WARN_OBJC_ROOT_CLASS = YES_ERROR;
				CLANG_WARN_RANGE_LOOP_ANALYSIS = YES;
				CLANG_WARN_STRICT_PROTOTYPES = YES;
				CLANG_WARN_SUSPICIOUS_MOVE = YES;
				CLANG_WARN_UNREACHABLE_CODE = YES;
				CLANG_WARN__DUPLICATE_METHOD_MATCH = YES;
				CODE_SIGN_IDENTITY = "";
				DEBUG_INFORMATION_FORMAT = dwarf;
				ENABLE_STRICT_OBJC_MSGSEND = YES;
				ENABLE_TESTABILITY = YES;
				GCC_C_LANGUAGE_STANDARD = gnu99;
				GCC_DYNAMIC_NO_PIC = NO;
				GCC_NO_COMMON_BLOCKS = YES;
				GCC_OPTIMIZATION_LEVEL = 0;
				GCC_PREPROCESSOR_DEFINITIONS = (
					"DEBUG=1",
					"$(inherited)",
				);
				GCC_SYMBOLS_PRIVATE_EXTERN = NO;
				GCC_WARN_64_TO_32_BIT_CONVERSION = YES;
				GCC_WARN_ABOUT_RETURN_TYPE = YES_ERROR;
				GCC_WARN_UNDECLARED_SELECTOR = YES;
				GCC_WARN_UNINITIALIZED_AUTOS = YES_AGGRESSIVE;
				GCC_WARN_UNUSED_FUNCTION = YES;
				GCC_WARN_UNUSED_VARIABLE = YES;
				MACOSX_DEPLOYMENT_TARGET = 10.10;
				MTL_ENABLE_DEBUG_INFO = YES;
				ONLY_ACTIVE_ARCH = YES;
				SDKROOT = macosx;
				SWIFT_OPTIMIZATION_LEVEL = "-Onone";
				SWIFT_VERSION = 4.0;
			};
			name = Debug;
		};
		0AD6F3391BA0E277001B969F /* Release */ = {
			isa = XCBuildConfiguration;
			buildSettings = {
				ALWAYS_SEARCH_USER_PATHS = NO;
				CLANG_CXX_LANGUAGE_STANDARD = "gnu++0x";
				CLANG_CXX_LIBRARY = "libc++";
				CLANG_ENABLE_MODULES = YES;
				CLANG_ENABLE_OBJC_ARC = YES;
				CLANG_WARN_BLOCK_CAPTURE_AUTORELEASING = YES;
				CLANG_WARN_BOOL_CONVERSION = YES;
				CLANG_WARN_COMMA = YES;
				CLANG_WARN_CONSTANT_CONVERSION = YES;
				CLANG_WARN_DIRECT_OBJC_ISA_USAGE = YES_ERROR;
				CLANG_WARN_EMPTY_BODY = YES;
				CLANG_WARN_ENUM_CONVERSION = YES;
				CLANG_WARN_INFINITE_RECURSION = YES;
				CLANG_WARN_INT_CONVERSION = YES;
				CLANG_WARN_NON_LITERAL_NULL_CONVERSION = YES;
				CLANG_WARN_OBJC_LITERAL_CONVERSION = YES;
				CLANG_WARN_OBJC_ROOT_CLASS = YES_ERROR;
				CLANG_WARN_RANGE_LOOP_ANALYSIS = YES;
				CLANG_WARN_STRICT_PROTOTYPES = YES;
				CLANG_WARN_SUSPICIOUS_MOVE = YES;
				CLANG_WARN_UNREACHABLE_CODE = YES;
				CLANG_WARN__DUPLICATE_METHOD_MATCH = YES;
				CODE_SIGN_IDENTITY = "";
				DEBUG_INFORMATION_FORMAT = "dwarf-with-dsym";
				ENABLE_NS_ASSERTIONS = NO;
				ENABLE_STRICT_OBJC_MSGSEND = YES;
				GCC_C_LANGUAGE_STANDARD = gnu99;
				GCC_NO_COMMON_BLOCKS = YES;
				GCC_WARN_64_TO_32_BIT_CONVERSION = YES;
				GCC_WARN_ABOUT_RETURN_TYPE = YES_ERROR;
				GCC_WARN_UNDECLARED_SELECTOR = YES;
				GCC_WARN_UNINITIALIZED_AUTOS = YES_AGGRESSIVE;
				GCC_WARN_UNUSED_FUNCTION = YES;
				GCC_WARN_UNUSED_VARIABLE = YES;
				MACOSX_DEPLOYMENT_TARGET = 10.10;
				MTL_ENABLE_DEBUG_INFO = NO;
				SDKROOT = macosx;
				SWIFT_OPTIMIZATION_LEVEL = "-Owholemodule";
				SWIFT_VERSION = 4.0;
			};
			name = Release;
		};
		0AD6F33B1BA0E277001B969F /* Debug */ = {
			isa = XCBuildConfiguration;
			buildSettings = {
				ASSETCATALOG_COMPILER_APPICON_NAME = AppIcon;
				CLANG_ENABLE_MODULES = YES;
				CODE_SIGN_IDENTITY = "Mac Developer";
				CODE_SIGN_STYLE = Automatic;
				COMBINE_HIDPI_IMAGES = YES;
				DEVELOPMENT_TEAM = VL96XWPC94;
				INFOPLIST_FILE = i3/Info.plist;
				LD_RUNPATH_SEARCH_PATHS = "$(inherited) @executable_path/../Frameworks";
				MACOSX_DEPLOYMENT_TARGET = 10.10;
				PRODUCT_BUNDLE_IDENTIFIER = io.mamabear.i3;
				PRODUCT_NAME = "$(TARGET_NAME)";
				PROVISIONING_PROFILE_SPECIFIER = "";
				SWIFT_OPTIMIZATION_LEVEL = "-Onone";
			};
			name = Debug;
		};
		0AD6F33C1BA0E277001B969F /* Release */ = {
			isa = XCBuildConfiguration;
			buildSettings = {
				ASSETCATALOG_COMPILER_APPICON_NAME = AppIcon;
				CLANG_ENABLE_MODULES = YES;
				CODE_SIGN_IDENTITY = "Mac Developer";
				CODE_SIGN_STYLE = Automatic;
				COMBINE_HIDPI_IMAGES = YES;
				DEVELOPMENT_TEAM = VL96XWPC94;
				INFOPLIST_FILE = i3/Info.plist;
				LD_RUNPATH_SEARCH_PATHS = "$(inherited) @executable_path/../Frameworks";
				MACOSX_DEPLOYMENT_TARGET = 10.10;
				PRODUCT_BUNDLE_IDENTIFIER = io.mamabear.i3;
				PRODUCT_NAME = "$(TARGET_NAME)";
				PROVISIONING_PROFILE_SPECIFIER = "";
			};
			name = Release;
		};
		0AD6F33E1BA0E277001B969F /* Debug */ = {
			isa = XCBuildConfiguration;
			buildSettings = {
				BUNDLE_LOADER = "$(TEST_HOST)";
				COMBINE_HIDPI_IMAGES = YES;
				FRAMEWORK_SEARCH_PATHS = (
					"$(DEVELOPER_FRAMEWORKS_DIR)",
					"$(inherited)",
				);
				GCC_PREPROCESSOR_DEFINITIONS = (
					"DEBUG=1",
					"$(inherited)",
				);
				INFOPLIST_FILE = i3Tests/Info.plist;
				LD_RUNPATH_SEARCH_PATHS = "$(inherited) @executable_path/../Frameworks @loader_path/../Frameworks";
				PRODUCT_BUNDLE_IDENTIFIER = "io.atha.$(PRODUCT_NAME:rfc1034identifier)";
				PRODUCT_NAME = "$(TARGET_NAME)";
				TEST_HOST = "$(BUILT_PRODUCTS_DIR)/i3.app/Contents/MacOS/i3";
			};
			name = Debug;
		};
		0AD6F33F1BA0E277001B969F /* Release */ = {
			isa = XCBuildConfiguration;
			buildSettings = {
				BUNDLE_LOADER = "$(TEST_HOST)";
				COMBINE_HIDPI_IMAGES = YES;
				FRAMEWORK_SEARCH_PATHS = (
					"$(DEVELOPER_FRAMEWORKS_DIR)",
					"$(inherited)",
				);
				INFOPLIST_FILE = i3Tests/Info.plist;
				LD_RUNPATH_SEARCH_PATHS = "$(inherited) @executable_path/../Frameworks @loader_path/../Frameworks";
				PRODUCT_BUNDLE_IDENTIFIER = "io.atha.$(PRODUCT_NAME:rfc1034identifier)";
				PRODUCT_NAME = "$(TARGET_NAME)";
				TEST_HOST = "$(BUILT_PRODUCTS_DIR)/i3.app/Contents/MacOS/i3";
			};
			name = Release;
		};
/* End XCBuildConfiguration section */

/* Begin XCConfigurationList section */
		0AD6F3191BA0E277001B969F /* Build configuration list for PBXProject "i3" */ = {
			isa = XCConfigurationList;
			buildConfigurations = (
				0AD6F3381BA0E277001B969F /* Debug */,
				0AD6F3391BA0E277001B969F /* Release */,
			);
			defaultConfigurationIsVisible = 0;
			defaultConfigurationName = Release;
		};
		0AD6F33A1BA0E277001B969F /* Build configuration list for PBXNativeTarget "i3" */ = {
			isa = XCConfigurationList;
			buildConfigurations = (
				0AD6F33B1BA0E277001B969F /* Debug */,
				0AD6F33C1BA0E277001B969F /* Release */,
			);
			defaultConfigurationIsVisible = 0;
			defaultConfigurationName = Release;
		};
		0AD6F33D1BA0E277001B969F /* Build configuration list for PBXNativeTarget "i3Tests" */ = {
			isa = XCConfigurationList;
			buildConfigurations = (
				0AD6F33E1BA0E277001B969F /* Debug */,
				0AD6F33F1BA0E277001B969F /* Release */,
			);
			defaultConfigurationIsVisible = 0;
			defaultConfigurationName = Release;
		};
/* End XCConfigurationList section */
	};
	rootObject = 0AD6F3161BA0E277001B969F /* Project object */;
}
